
Microsoft Visual Studio Solution File, Format Version 12.00
# Visual Studio 2012
Project("{FAE04EC0-301F-11D3-BF4B-00C04F79EFBC}") = "TEDRss", "TEDRss\TEDRss.csproj", "{34E53B8A-7E23-479B-99C8-077221CC4916}"
EndProject
Global
	GlobalSection(SolutionConfigurationPlatforms) = preSolution
		Debug|Any CPU = Debug|Any CPU
		Release|Any CPU = Release|Any CPU
	EndGlobalSection
	GlobalSection(ProjectConfigurationPlatforms) = postSolution
		{34E53B8A-7E23-479B-99C8-077221CC4916}.Debug|Any CPU.ActiveCfg = Debug|Any CPU
		{34E53B8A-7E23-479B-99C8-077221CC4916}.Debug|Any CPU.Build.0 = Debug|Any CPU
		{34E53B8A-7E23-479B-99C8-077221CC4916}.Release|Any CPU.ActiveCfg = Release|Any CPU
		{34E53B8A-7E23-479B-99C8-077221CC4916}.Release|Any CPU.Build.0 = Release|Any CPU
	EndGlobalSection
EndGlobal
